
Microsoft Visual Studio Solution File, Format Version 12.00
# Visual Studio Version 17
VisualStudioVersion = 17.11.35312.102
MinimumVisualStudioVersion = 10.0.40219.1
Project("{9A19103F-16F7-4668-BE54-9A1E7A4F7556}") = "ToDoListApi", "ToDoListApi\ToDoListApi.csproj", "{20C65A50-1633-456E-8229-7B57A4346808}"
EndProject
Project("{FAE04EC0-301F-11D3-BF4B-00C04F79EFBC}") = "ToDoListApi.UnitTests", "ToDoListApi.UnitTests\ToDoListApi.UnitTests.csproj", "{6806A68B-4652-455E-8F63-CDD8E781A72D}"
EndProject
Global
	GlobalSection(SolutionConfigurationPlatforms) = preSolution
		Debug|Any CPU = Debug|Any CPU
		Release|Any CPU = Release|Any CPU
	EndGlobalSection
	GlobalSection(ProjectConfigurationPlatforms) = postSolution
		{20C65A50-1633-456E-8229-7B57A4346808}.Debug|Any CPU.ActiveCfg = Debug|Any CPU
		{20C65A50-1633-456E-8229-7B57A4346808}.Debug|Any CPU.Build.0 = Debug|Any CPU
		{20C65A50-1633-456E-8229-7B57A4346808}.Release|Any CPU.ActiveCfg = Release|Any CPU
		{20C65A50-1633-456E-8229-7B57A4346808}.Release|Any CPU.Build.0 = Release|Any CPU
		{6806A68B-4652-455E-8F63-CDD8E781A72D}.Debug|Any CPU.ActiveCfg = Debug|Any CPU
		{6806A68B-4652-455E-8F63-CDD8E781A72D}.Debug|Any CPU.Build.0 = Debug|Any CPU
		{6806A68B-4652-455E-8F63-CDD8E781A72D}.Release|Any CPU.ActiveCfg = Release|Any CPU
		{6806A68B-4652-455E-8F63-CDD8E781A72D}.Release|Any CPU.Build.0 = Release|Any CPU
	EndGlobalSection
	GlobalSection(SolutionProperties) = preSolution
		HideSolutionNode = FALSE
	EndGlobalSection
	GlobalSection(ExtensibilityGlobals) = postSolution
		SolutionGuid = {FFD6BED4-8983-4EA0-83EF-CAB9A8C4D87A}
	EndGlobalSection
EndGlobal
